{
  "name": "efeac22998af9bf2",
  "lockfileVersion": 2,
  "requires": true,
  "packages": {
    "": {
      "dependencies": {
        "create-next-app": "^13.0.6"
      }
    },
    "node_modules/create-next-app": {
      "version": "13.0.6",
      "resolved": "https://registry.npmjs.org/create-next-app/-/create-next-app-13.0.6.tgz",
      "integrity": "sha512-dVJNqFWR7JWYCQwIcF1X8QJlatTV/B9iVj0QbdScXnZQQWQFz8k+kfgKeYulrSay5qVuNxadMcCgs6/nPm4/Fw==",
      "bin": {
        "create-next-app": "dist/index.js"
      },
      "engines": {
        "node": ">=14.6.0"
      }
    }
  },
  "dependencies": {
    "create-next-app": {
      "version": "13.0.6",
      "resolved": "https://registry.npmjs.org/create-next-app/-/create-next-app-13.0.6.tgz",
      "integrity": "sha512-dVJNqFWR7JWYCQwIcF1X8QJlatTV/B9iVj0QbdScXnZQQWQFz8k+kfgKeYulrSay5qVuNxadMcCgs6/nPm4/Fw=="
    }
  }
}
